
Microsoft Visual Studio Solution File, Format Version 12.00
# Visual Studio 2012
Project("{8BC9CEB8-8B4A-11D0-8D11-00A0C91BC942}") = "ascii_code_test", "ascii_code_test.vcxproj", "{BAB8C4C0-9903-4E43-B863-3762AD84DD55}"
EndProject
Global
	GlobalSection(SolutionConfigurationPlatforms) = preSolution
		Debug|Win32 = Debug|Win32
		Release|Win32 = Release|Win32
	EndGlobalSection
	GlobalSection(ProjectConfigurationPlatforms) = postSolution
		{BAB8C4C0-9903-4E43-B863-3762AD84DD55}.Debug|Win32.ActiveCfg = Debug|Win32
		{BAB8C4C0-9903-4E43-B863-3762AD84DD55}.Debug|Win32.Build.0 = Debug|Win32
		{BAB8C4C0-9903-4E43-B863-3762AD84DD55}.Release|Win32.ActiveCfg = Release|Win32
		{BAB8C4C0-9903-4E43-B863-3762AD84DD55}.Release|Win32.Build.0 = Release|Win32
	EndGlobalSection
	GlobalSection(SolutionProperties) = preSolution
		HideSolutionNode = FALSE
	EndGlobalSection
EndGlobal
