{
  "lockfileVersion": 1,
  "configVersion": 1,
  "workspaces": {
    "": {
      "name": "particle",
      "dependencies": {
        "matter-js": "^0.20.0",
        "pixi.js": "^8.19.0",
      },
      "devDependencies": {
        "@biomejs/biome": "^2.4.16",
        "@types/matter-js": "^0.20.2",
        "typescript": "~6.0.2",
        "vite": "^8.0.12",
      },
    },
  },
  "packages": {
    "@biomejs/biome": ["@biomejs/biome@2.4.16", "", { "optionalDependencies": { "@biomejs/cli-darwin-arm64": "2.4.16", "@biomejs/cli-darwin-x64": "2.4.16", "@biomejs/cli-linux-arm64": "2.4.16", "@biomejs/cli-linux-arm64-musl": "2.4.16", "@biomejs/cli-linux-x64": "2.4.16", "@biomejs/cli-linux-x64-musl": "2.4.16", "@biomejs/cli-win32-arm64": "2.4.16", "@biomejs/cli-win32-x64": "2.4.16" }, "bin": { "biome": "bin/biome" } }, "sha512-x9ajFh1zChVybCiM3TN6OD4phAqLgtPZjFrZF+aTMYCPjwBO+k529TX7PPsAqtGNLeV4UgzwQnowEgS7bGmzcA=="],

    "@biomejs/cli-darwin-arm64": ["@biomejs/cli-darwin-arm64@2.4.16", "", { "os": "darwin", "cpu": "arm64" }, "sha512-wxPvu4XOA85YJk9ixSWUmq/QBHbid85BISbOAqqBM/5xQpPk9ayjk5375tOlSC0BeCwNSbPFafQBm+vBumXq0A=="],

    "@biomejs/cli-darwin-x64": ["@biomejs/cli-darwin-x64@2.4.16", "", { "os": "darwin", "cpu": "x64" }, "sha512-xFCqGPwYusQJp4N4NJLi1XJiZqjwFdjhT+KqtNy+Ug3qgfczqnTa6MSDvxJF6TkuDLoYJItMapz6tAf7kCekFw=="],

    "@biomejs/cli-linux-arm64": ["@biomejs/cli-linux-arm64@2.4.16", "", { "os": "linux", "cpu": "arm64" }, "sha512-2kFb4//jxfZaP6D+Rj5VkHkxgyD9EoRAVBEQb8PKRv+s4NO2zYNJKXFaJmK1CmhufJOWEfpHKaRbOja7qjmdhQ=="],

    "@biomejs/cli-linux-arm64-musl": ["@biomejs/cli-linux-arm64-musl@2.4.16", "", { "os": "linux", "cpu": "arm64" }, "sha512-oYxnW0ARfJkr72ezzF2OR8N/rtkgLUQeYtF8cFhVswbknHxtTcmzSsanVJP8yQKnGpGpc2ck6c5zLvHahL6Cbg=="],

    "@biomejs/cli-linux-x64": ["@biomejs/cli-linux-x64@2.4.16", "", { "os": "linux", "cpu": "x64" }, "sha512-NbcBbi/nJqn5baae6wqRXdS7Gadf2uRpehSh6vMSYpG8OhkXl/Xg8aorWrJ+9VWqAT5ml90alLvorkpMW0nBwQ=="],

    "@biomejs/cli-linux-x64-musl": ["@biomejs/cli-linux-x64-musl@2.4.16", "", { "os": "linux", "cpu": "x64" }, "sha512-iHDS+MCM65DPqWGu+ECC3uoALyj2H7F4nVUPxIPjz/PIl94EUu+EDfGZDzFP+NY1EOPVt9NQvwFqq7HdMmowdg=="],

    "@biomejs/cli-win32-arm64": ["@biomejs/cli-win32-arm64@2.4.16", "", { "os": "win32", "cpu": "arm64" }, "sha512-0rgImMsNb5v/chhkIFe3wu7PEFClS6RBAYUijGL9UsYN3PanSaoK24HSSuSJb1pYbYYVjzAyZTl3gtjJ84BM8A=="],

    "@biomejs/cli-win32-x64": ["@biomejs/cli-win32-x64@2.4.16", "", { "os": "win32", "cpu": "x64" }, "sha512-Kp85jgoBHa05gix6UIRjfCDiUV3w/8VIdZ247VyyO2gEjaw12WEVhdIjlxp/AMzXxqxQwbxNTDVZ3Mwd2RG5rw=="],

    "@emnapi/core": ["@emnapi/core@1.10.0", "", { "dependencies": { "@emnapi/wasi-threads": "1.2.1", "tslib": "^2.4.0" } }, "sha512-yq6OkJ4p82CAfPl0u9mQebQHKPJkY7WrIuk205cTYnYe+k2Z8YBh11FrbRG/H6ihirqcacOgl2BIO8oyMQLeXw=="],

    "@emnapi/runtime": ["@emnapi/runtime@1.10.0", "", { "dependencies": { "tslib": "^2.4.0" } }, "sha512-ewvYlk86xUoGI0zQRNq/mC+16R1QeDlKQy21Ki3oSYXNgLb45GV1P6A0M+/s6nyCuNDqe5VpaY84BzXGwVbwFA=="],

    "@emnapi/wasi-threads": ["@emnapi/wasi-threads@1.2.1", "", { "dependencies": { "tslib": "^2.4.0" } }, "sha512-uTII7OYF+/Mes/MrcIOYp5yOtSMLBWSIoLPpcgwipoiKbli6k322tcoFsxoIIxPDqW01SQGAgko4EzZi2BNv2w=="],

    "@napi-rs/wasm-runtime": ["@napi-rs/wasm-runtime@1.1.4", "", { "dependencies": { "@tybys/wasm-util": "^0.10.1" }, "peerDependencies": { "@emnapi/core": "^1.7.1", "@emnapi/runtime": "^1.7.1" } }, "sha512-3NQNNgA1YSlJb/kMH1ildASP9HW7/7kYnRI2szWJaofaS1hWmbGI4H+d3+22aGzXXN9IJ+n+GiFVcGipJP18ow=="],

    "@oxc-project/types": ["@oxc-project/types@0.133.0", "", {}, "sha512-KzkdCd6Uxqnf6l3HOw1xfatAlUURA0g14cvBYFyJ5SaNOQbOUvBr9PKArcPcrNIeRsBdgcUzOGrhKveVpvOIGA=="],

    "@pixi/colord": ["@pixi/colord@2.9.6", "", {}, "sha512-nezytU2pw587fQstUu1AsJZDVEynjskwOL+kibwcdxsMBFqPsFFNA7xl0ii/gXuDi6M0xj3mfRJj8pBSc2jCfA=="],

    "@rolldown/binding-android-arm64": ["@rolldown/binding-android-arm64@1.0.3", "", { "os": "android", "cpu": "arm64" }, "sha512-454rs7jHngixp/NMxd5srYD57OnzSlZ/eFTETjORQHLwJG1lRtmNOJcBerZlfu4GjKqeq8aCCIQrMdHyhI51Hw=="],

    "@rolldown/binding-darwin-arm64": ["@rolldown/binding-darwin-arm64@1.0.3", "", { "os": "darwin", "cpu": "arm64" }, "sha512-PcAhP+ynjURNyy8SKGl5DQP94aGuB/7JrXJb/t7P+hanXvQVMWzUvRRhBAcg/lNRadBhoUPqSoP4xw5tR/KBEA=="],

    "@rolldown/binding-darwin-x64": ["@rolldown/binding-darwin-x64@1.0.3", "", { "os": "darwin", "cpu": "x64" }, "sha512-9YpfeUvSE2RS7wysJ81uOZkXJz7f7Q55H2Gvp3VEw/EsahqDtrphrZ0EwDLK5vvKOzaCrBsjF8JmnMLcUt78Gg=="],

    "@rolldown/binding-freebsd-x64": ["@rolldown/binding-freebsd-x64@1.0.3", "", { "os": "freebsd", "cpu": "x64" }, "sha512-yB1IlAsSNHncV6SCTL27/MVGR5htvQsoGxIv5KMGXALp+Ll1wYsn+x98M9MW7qa+NdSbvrrY7ANI4wLJ0n1e6g=="],

    "@rolldown/binding-linux-arm-gnueabihf": ["@rolldown/binding-linux-arm-gnueabihf@1.0.3", "", { "os": "linux", "cpu": "arm" }, "sha512-Yi30IVAAfLUCy2MseFjbB1jAMDl1VMCAas5StnYp8da9+CKvMd2H2cbEjWcw5NPaPqzvYkVIaF1nNUG+b7u/sw=="],

    "@rolldown/binding-linux-arm64-gnu": ["@rolldown/binding-linux-arm64-gnu@1.0.3", "", { "os": "linux", "cpu": "arm64" }, "sha512-jsO7R8To+AdlYgUmN5sHSCZbfhtMBkO0WUx8iORQnPcMMdgr7qM2DQmMwgabs3GhNztdmoKkMKQFHD6DTMCIQw=="],

    "@rolldown/binding-linux-arm64-musl": ["@rolldown/binding-linux-arm64-musl@1.0.3", "", { "os": "linux", "cpu": "arm64" }, "sha512-VWkUHwWriDciit80wleYwKILoR/KMvxh/IdwS/paX+ZgpuRpCrKLUdadJbc0NpBEiyhpYawsJ73j9aCvOH+f7Q=="],

    "@rolldown/binding-linux-ppc64-gnu": ["@rolldown/binding-linux-ppc64-gnu@1.0.3", "", { "os": "linux", "cpu": "ppc64" }, "sha512-5f1laC0SlIR0yDbFCd8acUhvJIag6N3zC5P7oUPN6wX0aOma+uKJ0wBDH5aq7I1PVI2ttTlhJwzwRIBnLiSGEg=="],

    "@rolldown/binding-linux-s390x-gnu": ["@rolldown/binding-linux-s390x-gnu@1.0.3", "", { "os": "linux", "cpu": "s390x" }, "sha512-Iq4ko0r4XsgbrF/LunNgHtAGLRRVE2kXonAXQ/MV0mC6jQpMOhW1SvtZja2EhC/kd05++bP78dsqBeIQyYJ6Yg=="],

    "@rolldown/binding-linux-x64-gnu": ["@rolldown/binding-linux-x64-gnu@1.0.3", "", { "os": "linux", "cpu": "x64" }, "sha512-B8m6tD5+/N5FeNQFbKlLA/2yVq9ycQP1SeedyEYYKWBNR3ZQbkvIUcNnDNM03lO1l5F2roiiFJGgvoLLyZXtSg=="],

    "@rolldown/binding-linux-x64-musl": ["@rolldown/binding-linux-x64-musl@1.0.3", "", { "os": "linux", "cpu": "x64" }, "sha512-pSdpdUJHkuCxun9LE7jvgUB9qsRgaiyNNCX7m/AvHTcq67AiT/Yhoxvw5zPfhrM8k/BfP8ce/hMOpthKDpEUow=="],

    "@rolldown/binding-openharmony-arm64": ["@rolldown/binding-openharmony-arm64@1.0.3", "", { "os": "none", "cpu": "arm64" }, "sha512-OXXS3RKJgX2uLwM+gYyuH5omcH8fL1LJs96pZGgtetVCahON57+d4SJHzTgZiOjxgGkSnpXpOsWuPDGAKAigEg=="],

    "@rolldown/binding-wasm32-wasi": ["@rolldown/binding-wasm32-wasi@1.0.3", "", { "dependencies": { "@emnapi/core": "1.10.0", "@emnapi/runtime": "1.10.0", "@napi-rs/wasm-runtime": "^1.1.4" }, "cpu": "none" }, "sha512-JTtb8BWFynicNSoPrehsCzBtOKjZ6jhMiPFEmOiuXg1Fl8dn2KHQob+GuPSGR0dryQa1PQJbzjF3dqO/whhjLg=="],

    "@rolldown/binding-win32-arm64-msvc": ["@rolldown/binding-win32-arm64-msvc@1.0.3", "", { "os": "win32", "cpu": "arm64" }, "sha512-gEdFFEN70A/jxb2svrWsN3aDL7OUtmvlOy+6fa2jxG8K0wQ1ZbdeLGnidov6Yu5/733dI5ySfzFlQ/cb0bSz1g=="],

    "@rolldown/binding-win32-x64-msvc": ["@rolldown/binding-win32-x64-msvc@1.0.3", "", { "os": "win32", "cpu": "x64" }, "sha512-eXB7CHuaQdqmJcc3koCNtNPmT/bj2gc999kUFgBxG8Ac0NdgXc4rkCHhqrgrhN3zddvvvrgzj1e90SuSfmyIXA=="],

    "@rolldown/pluginutils": ["@rolldown/pluginutils@1.0.1", "", {}, "sha512-2j9bGt5Jh8hj+vPtgzPtl72j0yRxHAyumoo6TNfAjsLB04UtpSvPbPcDcBMxz7n+9CYB0c1GxQFxYRg2jimqGw=="],

    "@tybys/wasm-util": ["@tybys/wasm-util@0.10.2", "", { "dependencies": { "tslib": "^2.4.0" } }, "sha512-RoBvJ2X0wuKlWFIjrwffGw1IqZHKQqzIchKaadZZfnNpsAYp2mM0h36JtPCjNDAHGgYez/15uMBpfGwchhiMgg=="],

    "@types/earcut": ["@types/earcut@3.0.0", "", {}, "sha512-k/9fOUGO39yd2sCjrbAJvGDEQvRwRnQIZlBz43roGwUZo5SHAmyVvSFyaVVZkicRVCaDXPKlbxrUcBuJoSWunQ=="],

    "@types/matter-js": ["@types/matter-js@0.20.2", "", {}, "sha512-3PPKy3QxvZ89h9+wdBV2488I1JLVs7DEpIkPvgO8JC1mUdiVSO37ZIvVctOTD7hIq8OAL2gJ3ugGSuUip6DhCw=="],

    "@webgpu/types": ["@webgpu/types@0.1.70", "", {}, "sha512-LFiNHHKMvmAEvwVew3JLJmTdShhbdwRFSImUshGhE2mGE8ybQzIo63l5uRp+YKnNx+8Qno8Kf6gN+DKMreIJCA=="],

    "@xmldom/xmldom": ["@xmldom/xmldom@0.8.13", "", {}, "sha512-KRYzxepc14G/CEpEGc3Yn+JKaAeT63smlDr+vjB8jRfgTBBI9wRj/nkQEO+ucV8p8I9bfKLWp37uHgFrbntPvw=="],

    "detect-libc": ["detect-libc@2.1.2", "", {}, "sha512-Btj2BOOO83o3WyH59e8MgXsxEQVcarkUOpEYrubB0urwnN10yQ364rsiByU11nZlqWYZm05i/of7io4mzihBtQ=="],

    "earcut": ["earcut@3.0.2", "", {}, "sha512-X7hshQbLyMJ/3RPhyObLARM2sNxxmRALLKx1+NVFFnQ9gKzmCrxm9+uLIAdBcvc8FNLpctqlQ2V6AE92Ol9UDQ=="],

    "eventemitter3": ["eventemitter3@5.0.4", "", {}, "sha512-mlsTRyGaPBjPedk6Bvw+aqbsXDtoAyAzm5MO7JgU+yVRyMQ5O8bD4Kcci7BS85f93veegeCPkL8R4GLClnjLFw=="],

    "fdir": ["fdir@6.5.0", "", { "peerDependencies": { "picomatch": "^3 || ^4" }, "optionalPeers": ["picomatch"] }, "sha512-tIbYtZbucOs0BRGqPJkshJUYdL+SDH7dVM8gjy+ERp3WAUjLEFJE+02kanyHtwjWOnwrKYBiwAmM0p4kLJAnXg=="],

    "fsevents": ["fsevents@2.3.3", "", { "os": "darwin" }, "sha512-5xoDfX+fL7faATnagmWPpbFtwh/R77WmMMqqHGS65C3vvB0YHrgF+B1YmZ3441tMj5n63k0212XNoJwzlhffQw=="],

    "gifuct-js": ["gifuct-js@2.1.2", "", { "dependencies": { "js-binary-schema-parser": "^2.0.3" } }, "sha512-rI2asw77u0mGgwhV3qA+OEgYqaDn5UNqgs+Bx0FGwSpuqfYn+Ir6RQY5ENNQ8SbIiG/m5gVa7CD5RriO4f4Lsg=="],

    "ismobilejs": ["ismobilejs@1.1.1", "", {}, "sha512-VaFW53yt8QO61k2WJui0dHf4SlL8lxBofUuUmwBo0ljPk0Drz2TiuDW4jo3wDcv41qy/SxrJ+VAzJ/qYqsmzRw=="],

    "js-binary-schema-parser": ["js-binary-schema-parser@2.0.3", "", {}, "sha512-xezGJmOb4lk/M1ZZLTR/jaBHQ4gG/lqQnJqdIv4721DMggsa1bDVlHXNeHYogaIEHD9vCRv0fcL4hMA+Coarkg=="],

    "lightningcss": ["lightningcss@1.32.0", "", { "dependencies": { "detect-libc": "^2.0.3" }, "optionalDependencies": { "lightningcss-android-arm64": "1.32.0", "lightningcss-darwin-arm64": "1.32.0", "lightningcss-darwin-x64": "1.32.0", "lightningcss-freebsd-x64": "1.32.0", "lightningcss-linux-arm-gnueabihf": "1.32.0", "lightningcss-linux-arm64-gnu": "1.32.0", "lightningcss-linux-arm64-musl": "1.32.0", "lightningcss-linux-x64-gnu": "1.32.0", "lightningcss-linux-x64-musl": "1.32.0", "lightningcss-win32-arm64-msvc": "1.32.0", "lightningcss-win32-x64-msvc": "1.32.0" } }, "sha512-NXYBzinNrblfraPGyrbPoD19C1h9lfI/1mzgWYvXUTe414Gz/X1FD2XBZSZM7rRTrMA8JL3OtAaGifrIKhQ5yQ=="],

    "lightningcss-android-arm64": ["lightningcss-android-arm64@1.32.0", "", { "os": "android", "cpu": "arm64" }, "sha512-YK7/ClTt4kAK0vo6w3X+Pnm0D2cf2vPHbhOXdoNti1Ga0al1P4TBZhwjATvjNwLEBCnKvjJc2jQgHXH0NEwlAg=="],

    "lightningcss-darwin-arm64": ["lightningcss-darwin-arm64@1.32.0", "", { "os": "darwin", "cpu": "arm64" }, "sha512-RzeG9Ju5bag2Bv1/lwlVJvBE3q6TtXskdZLLCyfg5pt+HLz9BqlICO7LZM7VHNTTn/5PRhHFBSjk5lc4cmscPQ=="],

    "lightningcss-darwin-x64": ["lightningcss-darwin-x64@1.32.0", "", { "os": "darwin", "cpu": "x64" }, "sha512-U+QsBp2m/s2wqpUYT/6wnlagdZbtZdndSmut/NJqlCcMLTWp5muCrID+K5UJ6jqD2BFshejCYXniPDbNh73V8w=="],

    "lightningcss-freebsd-x64": ["lightningcss-freebsd-x64@1.32.0", "", { "os": "freebsd", "cpu": "x64" }, "sha512-JCTigedEksZk3tHTTthnMdVfGf61Fky8Ji2E4YjUTEQX14xiy/lTzXnu1vwiZe3bYe0q+SpsSH/CTeDXK6WHig=="],

    "lightningcss-linux-arm-gnueabihf": ["lightningcss-linux-arm-gnueabihf@1.32.0", "", { "os": "linux", "cpu": "arm" }, "sha512-x6rnnpRa2GL0zQOkt6rts3YDPzduLpWvwAF6EMhXFVZXD4tPrBkEFqzGowzCsIWsPjqSK+tyNEODUBXeeVHSkw=="],

    "lightningcss-linux-arm64-gnu": ["lightningcss-linux-arm64-gnu@1.32.0", "", { "os": "linux", "cpu": "arm64" }, "sha512-0nnMyoyOLRJXfbMOilaSRcLH3Jw5z9HDNGfT/gwCPgaDjnx0i8w7vBzFLFR1f6CMLKF8gVbebmkUN3fa/kQJpQ=="],

    "lightningcss-linux-arm64-musl": ["lightningcss-linux-arm64-musl@1.32.0", "", { "os": "linux", "cpu": "arm64" }, "sha512-UpQkoenr4UJEzgVIYpI80lDFvRmPVg6oqboNHfoH4CQIfNA+HOrZ7Mo7KZP02dC6LjghPQJeBsvXhJod/wnIBg=="],

    "lightningcss-linux-x64-gnu": ["lightningcss-linux-x64-gnu@1.32.0", "", { "os": "linux", "cpu": "x64" }, "sha512-V7Qr52IhZmdKPVr+Vtw8o+WLsQJYCTd8loIfpDaMRWGUZfBOYEJeyJIkqGIDMZPwPx24pUMfwSxxI8phr/MbOA=="],

    "lightningcss-linux-x64-musl": ["lightningcss-linux-x64-musl@1.32.0", "", { "os": "linux", "cpu": "x64" }, "sha512-bYcLp+Vb0awsiXg/80uCRezCYHNg1/l3mt0gzHnWV9XP1W5sKa5/TCdGWaR/zBM2PeF/HbsQv/j2URNOiVuxWg=="],

    "lightningcss-win32-arm64-msvc": ["lightningcss-win32-arm64-msvc@1.32.0", "", { "os": "win32", "cpu": "arm64" }, "sha512-8SbC8BR40pS6baCM8sbtYDSwEVQd4JlFTOlaD3gWGHfThTcABnNDBda6eTZeqbofalIJhFx0qKzgHJmcPTnGdw=="],

    "lightningcss-win32-x64-msvc": ["lightningcss-win32-x64-msvc@1.32.0", "", { "os": "win32", "cpu": "x64" }, "sha512-Amq9B/SoZYdDi1kFrojnoqPLxYhQ4Wo5XiL8EVJrVsB8ARoC1PWW6VGtT0WKCemjy8aC+louJnjS7U18x3b06Q=="],

    "matter-js": ["matter-js@0.20.0", "", {}, "sha512-iC9fYR7zVT3HppNnsFsp9XOoQdQN2tUyfaKg4CHLH8bN+j6GT4Gw7IH2rP0tflAebrHFw730RR3DkVSZRX8hwA=="],

    "nanoid": ["nanoid@3.3.12", "", { "bin": { "nanoid": "bin/nanoid.cjs" } }, "sha512-ZB9RH/39qpq5Vu6Y+NmUaFhQR6pp+M2Xt76XBnEwDaGcVAqhlvxrl3B2bKS5D3NH3QR76v3aSrKaF/Kiy7lEtQ=="],

    "parse-svg-path": ["parse-svg-path@0.2.0", "", {}, "sha512-Tf7FFIrguPKQwzD4pWnYkR2VOv3raoHeKED80Bm+BYHI3KxC8KsgsGC5+fSMzAGDA6UEk4bHvmi+RsjmL3khpg=="],

    "picocolors": ["picocolors@1.1.1", "", {}, "sha512-xceH2snhtb5M9liqDsmEw56le376mTZkEX/jEb/RxNFyegNul7eNslCXP9FDj/Lcu0X8KEyMceP2ntpaHrDEVA=="],

    "picomatch": ["picomatch@4.0.4", "", {}, "sha512-QP88BAKvMam/3NxH6vj2o21R6MjxZUAd6nlwAS/pnGvN9IVLocLHxGYIzFhg6fUQ+5th6P4dv4eW9jX3DSIj7A=="],

    "pixi.js": ["pixi.js@8.19.0", "", { "dependencies": { "@pixi/colord": "^2.9.6", "@types/earcut": "^3.0.0", "@webgpu/types": "^0.1.69", "@xmldom/xmldom": "^0.8.13", "earcut": "^3.0.2", "eventemitter3": "^5.0.1", "gifuct-js": "^2.1.2", "ismobilejs": "^1.1.1", "parse-svg-path": "^0.2.0", "tiny-lru": "^11.4.7" } }, "sha512-pq1O6emA/GFjjeF+8d3Pb5t7knD8FsnfWGqQcRjYjsqFZ7QdzG1XgjLDUu0DFJRbafjV5+g8iNLFBx0b9649lg=="],

    "postcss": ["postcss@8.5.15", "", { "dependencies": { "nanoid": "^3.3.12", "picocolors": "^1.1.1", "source-map-js": "^1.2.1" } }, "sha512-FfR8sjd4em2T6fb3I2MwAJU7HWVMr9zba+enmQeeWFfCbm+UOC/0X4DS8XtpUTMwWMGbjKYP7xjfNekzyGmB3A=="],

    "rolldown": ["rolldown@1.0.3", "", { "dependencies": { "@oxc-project/types": "=0.133.0", "@rolldown/pluginutils": "^1.0.0" }, "optionalDependencies": { "@rolldown/binding-android-arm64": "1.0.3", "@rolldown/binding-darwin-arm64": "1.0.3", "@rolldown/binding-darwin-x64": "1.0.3", "@rolldown/binding-freebsd-x64": "1.0.3", "@rolldown/binding-linux-arm-gnueabihf": "1.0.3", "@rolldown/binding-linux-arm64-gnu": "1.0.3", "@rolldown/binding-linux-arm64-musl": "1.0.3", "@rolldown/binding-linux-ppc64-gnu": "1.0.3", "@rolldown/binding-linux-s390x-gnu": "1.0.3", "@rolldown/binding-linux-x64-gnu": "1.0.3", "@rolldown/binding-linux-x64-musl": "1.0.3", "@rolldown/binding-openharmony-arm64": "1.0.3", "@rolldown/binding-wasm32-wasi": "1.0.3", "@rolldown/binding-win32-arm64-msvc": "1.0.3", "@rolldown/binding-win32-x64-msvc": "1.0.3" }, "bin": { "rolldown": "./bin/cli.mjs" } }, "sha512-i00lAJ2ks1BYr7rjNjKC7BcqAS7nVfiT3QX1SI5aY+AFHblCmaUf9OE9dbdzDvW6dJxbi2ZCZiy9v3CcwOiX3g=="],

    "source-map-js": ["source-map-js@1.2.1", "", {}, "sha512-UXWMKhLOwVKb728IUtQPXxfYU+usdybtUrK/8uGE8CQMvrhOpwvzDBwj0QhSL7MQc7vIsISBG8VQ8+IDQxpfQA=="],

    "tiny-lru": ["tiny-lru@11.4.7", "", {}, "sha512-w/Te7uMUVeH0CR8vZIjr+XiN41V+30lkDdK+NRIDCUYKKuL9VcmaUEmaPISuwGhLlrTGh5yu18lENtR9axSxYw=="],

    "tinyglobby": ["tinyglobby@0.2.17", "", { "dependencies": { "fdir": "^6.5.0", "picomatch": "^4.0.4" } }, "sha512-wXR/dYpcqKmfWpEdZjiKJOwCNFndD0DMnrW/cYjVGttEkBfVgcLFHoNrlj47mjOVic9yyNu65alsgF4NQyTa2g=="],

    "tslib": ["tslib@2.8.1", "", {}, "sha512-oJFu94HQb+KVduSUQL7wnpmqnfmLsOA/nAh6b6EH0wCEoK0/mPeXU6c3wKDV83MkOuHPRHtSXKKU99IBazS/2w=="],

    "typescript": ["typescript@6.0.3", "", { "bin": { "tsc": "bin/tsc", "tsserver": "bin/tsserver" } }, "sha512-y2TvuxSZPDyQakkFRPZHKFm+KKVqIisdg9/CZwm9ftvKXLP8NRWj38/ODjNbr43SsoXqNuAisEf1GdCxqWcdBw=="],

    "vite": ["vite@8.0.16", "", { "dependencies": { "lightningcss": "^1.32.0", "picomatch": "^4.0.4", "postcss": "^8.5.15", "rolldown": "1.0.3", "tinyglobby": "^0.2.17" }, "optionalDependencies": { "fsevents": "~2.3.3" }, "peerDependencies": { "@types/node": "^20.19.0 || >=22.12.0", "@vitejs/devtools": "^0.1.18", "esbuild": "^0.27.0 || ^0.28.0", "jiti": ">=1.21.0", "less": "^4.0.0", "sass": "^1.70.0", "sass-embedded": "^1.70.0", "stylus": ">=0.54.8", "sugarss": "^5.0.0", "terser": "^5.16.0", "tsx": "^4.8.1", "yaml": "^2.4.2" }, "optionalPeers": ["@types/node", "@vitejs/devtools", "esbuild", "jiti", "less", "sass", "sass-embedded", "stylus", "sugarss", "terser", "tsx", "yaml"], "bin": { "vite": "bin/vite.js" } }, "sha512-h9bXPmJichP5fLmVQo3PyaGSDE2n3aPuomeAlVRm0JLmt4rY6zmPKd59HYI4LNW8oTK7tlTsuC7l/m7awx9Jcw=="],
  }
}
