
Microsoft Visual Studio Solution File, Format Version 12.00
# Visual Studio 2012
Project("{8BC9CEB8-8B4A-11D0-8D11-00A0C91BC942}") = "url_enc_dec_test", "url_enc_dec_test.vcxproj", "{C8D886CD-1792-46EA-8C59-18BBBE8275BF}"
EndProject
Global
	GlobalSection(SolutionConfigurationPlatforms) = preSolution
		Debug|Win32 = Debug|Win32
		Release|Win32 = Release|Win32
	EndGlobalSection
	GlobalSection(ProjectConfigurationPlatforms) = postSolution
		{C8D886CD-1792-46EA-8C59-18BBBE8275BF}.Debug|Win32.ActiveCfg = Debug|Win32
		{C8D886CD-1792-46EA-8C59-18BBBE8275BF}.Debug|Win32.Build.0 = Debug|Win32
		{C8D886CD-1792-46EA-8C59-18BBBE8275BF}.Release|Win32.ActiveCfg = Release|Win32
		{C8D886CD-1792-46EA-8C59-18BBBE8275BF}.Release|Win32.Build.0 = Release|Win32
	EndGlobalSection
	GlobalSection(SolutionProperties) = preSolution
		HideSolutionNode = FALSE
	EndGlobalSection
EndGlobal
