
Microsoft Visual Studio Solution File, Format Version 12.00
# Visual Studio 2012
Project("{8BC9CEB8-8B4A-11D0-8D11-00A0C91BC942}") = "NumberYaguGame", "NumberYaguGame.vcxproj", "{E74409A7-AF43-40D4-8934-276BBA325066}"
EndProject
Global
	GlobalSection(SolutionConfigurationPlatforms) = preSolution
		Debug|Win32 = Debug|Win32
		Release|Win32 = Release|Win32
	EndGlobalSection
	GlobalSection(ProjectConfigurationPlatforms) = postSolution
		{E74409A7-AF43-40D4-8934-276BBA325066}.Debug|Win32.ActiveCfg = Debug|Win32
		{E74409A7-AF43-40D4-8934-276BBA325066}.Debug|Win32.Build.0 = Debug|Win32
		{E74409A7-AF43-40D4-8934-276BBA325066}.Release|Win32.ActiveCfg = Release|Win32
		{E74409A7-AF43-40D4-8934-276BBA325066}.Release|Win32.Build.0 = Release|Win32
	EndGlobalSection
	GlobalSection(SolutionProperties) = preSolution
		HideSolutionNode = FALSE
	EndGlobalSection
EndGlobal
