
Microsoft Visual Studio Solution File, Format Version 12.00
# Visual Studio 2012
Project("{8BC9CEB8-8B4A-11D0-8D11-00A0C91BC942}") = "libJsonTest", "libJsonTest.vcxproj", "{01CC27C1-101C-4767-A6FB-2B890C158ABC}"
EndProject
Global
	GlobalSection(SolutionConfigurationPlatforms) = preSolution
		Debug|Win32 = Debug|Win32
		Release|Win32 = Release|Win32
	EndGlobalSection
	GlobalSection(ProjectConfigurationPlatforms) = postSolution
		{01CC27C1-101C-4767-A6FB-2B890C158ABC}.Debug|Win32.ActiveCfg = Debug|Win32
		{01CC27C1-101C-4767-A6FB-2B890C158ABC}.Debug|Win32.Build.0 = Debug|Win32
		{01CC27C1-101C-4767-A6FB-2B890C158ABC}.Release|Win32.ActiveCfg = Release|Win32
		{01CC27C1-101C-4767-A6FB-2B890C158ABC}.Release|Win32.Build.0 = Release|Win32
	EndGlobalSection
	GlobalSection(SolutionProperties) = preSolution
		HideSolutionNode = FALSE
	EndGlobalSection
EndGlobal
