
Microsoft Visual Studio Solution File, Format Version 12.00
# Visual Studio 2012
Project("{8BC9CEB8-8B4A-11D0-8D11-00A0C91BC942}") = "stl_vector_test", "stl_vector_test.vcxproj", "{9F64B67B-E336-4F36-8776-54460C011272}"
EndProject
Global
	GlobalSection(SolutionConfigurationPlatforms) = preSolution
		Debug|Win32 = Debug|Win32
		Release|Win32 = Release|Win32
	EndGlobalSection
	GlobalSection(ProjectConfigurationPlatforms) = postSolution
		{9F64B67B-E336-4F36-8776-54460C011272}.Debug|Win32.ActiveCfg = Debug|Win32
		{9F64B67B-E336-4F36-8776-54460C011272}.Debug|Win32.Build.0 = Debug|Win32
		{9F64B67B-E336-4F36-8776-54460C011272}.Release|Win32.ActiveCfg = Release|Win32
		{9F64B67B-E336-4F36-8776-54460C011272}.Release|Win32.Build.0 = Release|Win32
	EndGlobalSection
	GlobalSection(SolutionProperties) = preSolution
		HideSolutionNode = FALSE
	EndGlobalSection
EndGlobal
