
Microsoft Visual Studio Solution File, Format Version 12.00
# Visual Studio 2012
Project("{8BC9CEB8-8B4A-11D0-8D11-00A0C91BC942}") = "korean_code_in_utf8_test", "korean_code_in_utf8_test.vcxproj", "{015F5427-F741-41D3-8046-0D3C552417D7}"
EndProject
Global
	GlobalSection(SolutionConfigurationPlatforms) = preSolution
		Debug|Win32 = Debug|Win32
		Release|Win32 = Release|Win32
	EndGlobalSection
	GlobalSection(ProjectConfigurationPlatforms) = postSolution
		{015F5427-F741-41D3-8046-0D3C552417D7}.Debug|Win32.ActiveCfg = Debug|Win32
		{015F5427-F741-41D3-8046-0D3C552417D7}.Debug|Win32.Build.0 = Debug|Win32
		{015F5427-F741-41D3-8046-0D3C552417D7}.Release|Win32.ActiveCfg = Release|Win32
		{015F5427-F741-41D3-8046-0D3C552417D7}.Release|Win32.Build.0 = Release|Win32
	EndGlobalSection
	GlobalSection(SolutionProperties) = preSolution
		HideSolutionNode = FALSE
	EndGlobalSection
EndGlobal
