
Microsoft Visual Studio Solution File, Format Version 12.00
# Visual Studio 2012
Project("{8BC9CEB8-8B4A-11D0-8D11-00A0C91BC942}") = "swap_test", "swap_test.vcxproj", "{30E43C81-0E2A-4DE4-A89B-0085C4A11795}"
EndProject
Global
	GlobalSection(SolutionConfigurationPlatforms) = preSolution
		Debug|Win32 = Debug|Win32
		Release|Win32 = Release|Win32
	EndGlobalSection
	GlobalSection(ProjectConfigurationPlatforms) = postSolution
		{30E43C81-0E2A-4DE4-A89B-0085C4A11795}.Debug|Win32.ActiveCfg = Debug|Win32
		{30E43C81-0E2A-4DE4-A89B-0085C4A11795}.Debug|Win32.Build.0 = Debug|Win32
		{30E43C81-0E2A-4DE4-A89B-0085C4A11795}.Release|Win32.ActiveCfg = Release|Win32
		{30E43C81-0E2A-4DE4-A89B-0085C4A11795}.Release|Win32.Build.0 = Release|Win32
	EndGlobalSection
	GlobalSection(SolutionProperties) = preSolution
		HideSolutionNode = FALSE
	EndGlobalSection
EndGlobal
