
Microsoft Visual Studio Solution File, Format Version 12.00
# Visual Studio 2012
Project("{8BC9CEB8-8B4A-11D0-8D11-00A0C91BC942}") = "itoa_test", "itoa_test.vcxproj", "{5A40388D-92BC-4D54-AB54-FFBBF53EC0F2}"
EndProject
Global
	GlobalSection(SolutionConfigurationPlatforms) = preSolution
		Debug|Win32 = Debug|Win32
		Release|Win32 = Release|Win32
	EndGlobalSection
	GlobalSection(ProjectConfigurationPlatforms) = postSolution
		{5A40388D-92BC-4D54-AB54-FFBBF53EC0F2}.Debug|Win32.ActiveCfg = Debug|Win32
		{5A40388D-92BC-4D54-AB54-FFBBF53EC0F2}.Debug|Win32.Build.0 = Debug|Win32
		{5A40388D-92BC-4D54-AB54-FFBBF53EC0F2}.Release|Win32.ActiveCfg = Release|Win32
		{5A40388D-92BC-4D54-AB54-FFBBF53EC0F2}.Release|Win32.Build.0 = Release|Win32
	EndGlobalSection
	GlobalSection(SolutionProperties) = preSolution
		HideSolutionNode = FALSE
	EndGlobalSection
EndGlobal
