
Microsoft Visual Studio Solution File, Format Version 12.00
# Visual Studio 2012
Project("{8BC9CEB8-8B4A-11D0-8D11-00A0C91BC942}") = "symmetrical_alphabet_test", "symmetrical_alphabet_test.vcxproj", "{DDC94236-3B61-45F1-87F7-C47C3EC7C248}"
EndProject
Global
	GlobalSection(SolutionConfigurationPlatforms) = preSolution
		Debug|Win32 = Debug|Win32
		Release|Win32 = Release|Win32
	EndGlobalSection
	GlobalSection(ProjectConfigurationPlatforms) = postSolution
		{DDC94236-3B61-45F1-87F7-C47C3EC7C248}.Debug|Win32.ActiveCfg = Debug|Win32
		{DDC94236-3B61-45F1-87F7-C47C3EC7C248}.Debug|Win32.Build.0 = Debug|Win32
		{DDC94236-3B61-45F1-87F7-C47C3EC7C248}.Release|Win32.ActiveCfg = Release|Win32
		{DDC94236-3B61-45F1-87F7-C47C3EC7C248}.Release|Win32.Build.0 = Release|Win32
	EndGlobalSection
	GlobalSection(SolutionProperties) = preSolution
		HideSolutionNode = FALSE
	EndGlobalSection
EndGlobal
