
Microsoft Visual Studio Solution File, Format Version 12.00
# Visual Studio 2012
Project("{FAE04EC0-301F-11D3-BF4B-00C04F79EFBC}") = "Xarmarin_test", "Xarmarin_test.csproj", "{1569B08C-3EC9-45F9-A68D-F60DF17931EA}"
EndProject
Global
	GlobalSection(SolutionConfigurationPlatforms) = preSolution
		Debug|Any CPU = Debug|Any CPU
		Release|Any CPU = Release|Any CPU
	EndGlobalSection
	GlobalSection(ProjectConfigurationPlatforms) = postSolution
		{1569B08C-3EC9-45F9-A68D-F60DF17931EA}.Debug|Any CPU.ActiveCfg = Debug|Any CPU
		{1569B08C-3EC9-45F9-A68D-F60DF17931EA}.Debug|Any CPU.Build.0 = Debug|Any CPU
		{1569B08C-3EC9-45F9-A68D-F60DF17931EA}.Release|Any CPU.ActiveCfg = Release|Any CPU
		{1569B08C-3EC9-45F9-A68D-F60DF17931EA}.Release|Any CPU.Build.0 = Release|Any CPU
	EndGlobalSection
	GlobalSection(MonoDevelopProperties) = preSolution
		StartupItem = Xarmarin_test.csproj
	EndGlobalSection
EndGlobal
