
Microsoft Visual Studio Solution File, Format Version 12.00
# Visual Studio 2012
Project("{8BC9CEB8-8B4A-11D0-8D11-00A0C91BC942}") = "convert_int_string_test", "convert_int_string_test.vcxproj", "{F18BC1D4-6521-4AE6-8243-CD3B4769AF16}"
EndProject
Global
	GlobalSection(SolutionConfigurationPlatforms) = preSolution
		Debug|Win32 = Debug|Win32
		Release|Win32 = Release|Win32
	EndGlobalSection
	GlobalSection(ProjectConfigurationPlatforms) = postSolution
		{F18BC1D4-6521-4AE6-8243-CD3B4769AF16}.Debug|Win32.ActiveCfg = Debug|Win32
		{F18BC1D4-6521-4AE6-8243-CD3B4769AF16}.Debug|Win32.Build.0 = Debug|Win32
		{F18BC1D4-6521-4AE6-8243-CD3B4769AF16}.Release|Win32.ActiveCfg = Release|Win32
		{F18BC1D4-6521-4AE6-8243-CD3B4769AF16}.Release|Win32.Build.0 = Release|Win32
	EndGlobalSection
	GlobalSection(SolutionProperties) = preSolution
		HideSolutionNode = FALSE
	EndGlobalSection
EndGlobal
