
Microsoft Visual Studio Solution File, Format Version 12.00
# Visual Studio 2012
Project("{8BC9CEB8-8B4A-11D0-8D11-00A0C91BC942}") = "callbyvalue_callbyreference_test", "callbyvalue_callbyreference_test.vcxproj", "{578B0252-E627-469D-9E14-FD120979153E}"
EndProject
Global
	GlobalSection(SolutionConfigurationPlatforms) = preSolution
		Debug|Win32 = Debug|Win32
		Release|Win32 = Release|Win32
	EndGlobalSection
	GlobalSection(ProjectConfigurationPlatforms) = postSolution
		{578B0252-E627-469D-9E14-FD120979153E}.Debug|Win32.ActiveCfg = Debug|Win32
		{578B0252-E627-469D-9E14-FD120979153E}.Debug|Win32.Build.0 = Debug|Win32
		{578B0252-E627-469D-9E14-FD120979153E}.Release|Win32.ActiveCfg = Release|Win32
		{578B0252-E627-469D-9E14-FD120979153E}.Release|Win32.Build.0 = Release|Win32
	EndGlobalSection
	GlobalSection(SolutionProperties) = preSolution
		HideSolutionNode = FALSE
	EndGlobalSection
EndGlobal
