
Microsoft Visual Studio Solution File, Format Version 12.00
# Visual Studio 2012
Project("{8BC9CEB8-8B4A-11D0-8D11-00A0C91BC942}") = "cpu_test", "cpu_test.vcxproj", "{FA93F65C-B4B7-4310-9090-794F3ABD1FB7}"
EndProject
Global
	GlobalSection(SolutionConfigurationPlatforms) = preSolution
		Debug|Win32 = Debug|Win32
		Release|Win32 = Release|Win32
	EndGlobalSection
	GlobalSection(ProjectConfigurationPlatforms) = postSolution
		{FA93F65C-B4B7-4310-9090-794F3ABD1FB7}.Debug|Win32.ActiveCfg = Debug|Win32
		{FA93F65C-B4B7-4310-9090-794F3ABD1FB7}.Debug|Win32.Build.0 = Debug|Win32
		{FA93F65C-B4B7-4310-9090-794F3ABD1FB7}.Release|Win32.ActiveCfg = Release|Win32
		{FA93F65C-B4B7-4310-9090-794F3ABD1FB7}.Release|Win32.Build.0 = Release|Win32
	EndGlobalSection
	GlobalSection(SolutionProperties) = preSolution
		HideSolutionNode = FALSE
	EndGlobalSection
EndGlobal
