
Microsoft Visual Studio Solution File, Format Version 12.00
# Visual Studio 2012
Project("{8BC9CEB8-8B4A-11D0-8D11-00A0C91BC942}") = "convert_ansi_utf8_test", "convert_ansi_utf8_test.vcxproj", "{AA0012A9-8E2F-4012-BE1D-9E9E4E087114}"
EndProject
Global
	GlobalSection(SolutionConfigurationPlatforms) = preSolution
		Debug|Win32 = Debug|Win32
		Release|Win32 = Release|Win32
	EndGlobalSection
	GlobalSection(ProjectConfigurationPlatforms) = postSolution
		{AA0012A9-8E2F-4012-BE1D-9E9E4E087114}.Debug|Win32.ActiveCfg = Debug|Win32
		{AA0012A9-8E2F-4012-BE1D-9E9E4E087114}.Debug|Win32.Build.0 = Debug|Win32
		{AA0012A9-8E2F-4012-BE1D-9E9E4E087114}.Release|Win32.ActiveCfg = Release|Win32
		{AA0012A9-8E2F-4012-BE1D-9E9E4E087114}.Release|Win32.Build.0 = Release|Win32
	EndGlobalSection
	GlobalSection(SolutionProperties) = preSolution
		HideSolutionNode = FALSE
	EndGlobalSection
EndGlobal
