
Microsoft Visual Studio Solution File, Format Version 12.00
# Visual Studio 2012
Project("{8BC9CEB8-8B4A-11D0-8D11-00A0C91BC942}") = "codility_demo_find_equilibrium_index", "codility_demo_find_equilibrium_index.vcxproj", "{D443E44F-66ED-44D1-9FD4-063C589ADE8B}"
EndProject
Global
	GlobalSection(SolutionConfigurationPlatforms) = preSolution
		Debug|Win32 = Debug|Win32
		Release|Win32 = Release|Win32
	EndGlobalSection
	GlobalSection(ProjectConfigurationPlatforms) = postSolution
		{D443E44F-66ED-44D1-9FD4-063C589ADE8B}.Debug|Win32.ActiveCfg = Debug|Win32
		{D443E44F-66ED-44D1-9FD4-063C589ADE8B}.Debug|Win32.Build.0 = Debug|Win32
		{D443E44F-66ED-44D1-9FD4-063C589ADE8B}.Release|Win32.ActiveCfg = Release|Win32
		{D443E44F-66ED-44D1-9FD4-063C589ADE8B}.Release|Win32.Build.0 = Release|Win32
	EndGlobalSection
	GlobalSection(SolutionProperties) = preSolution
		HideSolutionNode = FALSE
	EndGlobalSection
EndGlobal
