
Microsoft Visual Studio Solution File, Format Version 12.00
# Visual Studio 2012
Project("{8BC9CEB8-8B4A-11D0-8D11-00A0C91BC942}") = "OpenCVTest", "OpenCVTest.vcxproj", "{D6E7098F-1905-4EF8-B124-5CA9BCCD784D}"
EndProject
Global
	GlobalSection(SolutionConfigurationPlatforms) = preSolution
		Debug|Win32 = Debug|Win32
		Release|Win32 = Release|Win32
	EndGlobalSection
	GlobalSection(ProjectConfigurationPlatforms) = postSolution
		{D6E7098F-1905-4EF8-B124-5CA9BCCD784D}.Debug|Win32.ActiveCfg = Debug|Win32
		{D6E7098F-1905-4EF8-B124-5CA9BCCD784D}.Debug|Win32.Build.0 = Debug|Win32
		{D6E7098F-1905-4EF8-B124-5CA9BCCD784D}.Release|Win32.ActiveCfg = Release|Win32
		{D6E7098F-1905-4EF8-B124-5CA9BCCD784D}.Release|Win32.Build.0 = Release|Win32
	EndGlobalSection
	GlobalSection(SolutionProperties) = preSolution
		HideSolutionNode = FALSE
	EndGlobalSection
EndGlobal
