
Microsoft Visual Studio Solution File, Format Version 12.00
# Visual Studio 2012
Project("{8BC9CEB8-8B4A-11D0-8D11-00A0C91BC942}") = "elo_rating_test", "elo_rating_test.vcxproj", "{3FAFF9A0-14F7-4B7D-9661-8E218BC374C6}"
EndProject
Global
	GlobalSection(SolutionConfigurationPlatforms) = preSolution
		Debug|Win32 = Debug|Win32
		Release|Win32 = Release|Win32
	EndGlobalSection
	GlobalSection(ProjectConfigurationPlatforms) = postSolution
		{3FAFF9A0-14F7-4B7D-9661-8E218BC374C6}.Debug|Win32.ActiveCfg = Debug|Win32
		{3FAFF9A0-14F7-4B7D-9661-8E218BC374C6}.Debug|Win32.Build.0 = Debug|Win32
		{3FAFF9A0-14F7-4B7D-9661-8E218BC374C6}.Release|Win32.ActiveCfg = Release|Win32
		{3FAFF9A0-14F7-4B7D-9661-8E218BC374C6}.Release|Win32.Build.0 = Release|Win32
	EndGlobalSection
	GlobalSection(SolutionProperties) = preSolution
		HideSolutionNode = FALSE
	EndGlobalSection
EndGlobal
