
Microsoft Visual Studio Solution File, Format Version 12.00
# Visual Studio 2012
Project("{8BC9CEB8-8B4A-11D0-8D11-00A0C91BC942}") = "path_test", "path_test.vcxproj", "{04BD3113-6520-4DD9-92EC-57C167F077CB}"
EndProject
Global
	GlobalSection(SolutionConfigurationPlatforms) = preSolution
		Debug|Win32 = Debug|Win32
		Release|Win32 = Release|Win32
	EndGlobalSection
	GlobalSection(ProjectConfigurationPlatforms) = postSolution
		{04BD3113-6520-4DD9-92EC-57C167F077CB}.Debug|Win32.ActiveCfg = Debug|Win32
		{04BD3113-6520-4DD9-92EC-57C167F077CB}.Debug|Win32.Build.0 = Debug|Win32
		{04BD3113-6520-4DD9-92EC-57C167F077CB}.Release|Win32.ActiveCfg = Release|Win32
		{04BD3113-6520-4DD9-92EC-57C167F077CB}.Release|Win32.Build.0 = Release|Win32
	EndGlobalSection
	GlobalSection(SolutionProperties) = preSolution
		HideSolutionNode = FALSE
	EndGlobalSection
EndGlobal
