
Microsoft Visual Studio Solution File, Format Version 12.00
# Visual Studio 2012
Project("{8BC9CEB8-8B4A-11D0-8D11-00A0C91BC942}") = "curltest", "curltest.vcxproj", "{05D231A1-9996-4886-B860-EB8B3BDA8027}"
EndProject
Global
	GlobalSection(SolutionConfigurationPlatforms) = preSolution
		Debug|Win32 = Debug|Win32
		Release|Win32 = Release|Win32
	EndGlobalSection
	GlobalSection(ProjectConfigurationPlatforms) = postSolution
		{05D231A1-9996-4886-B860-EB8B3BDA8027}.Debug|Win32.ActiveCfg = Debug|Win32
		{05D231A1-9996-4886-B860-EB8B3BDA8027}.Debug|Win32.Build.0 = Debug|Win32
		{05D231A1-9996-4886-B860-EB8B3BDA8027}.Release|Win32.ActiveCfg = Release|Win32
		{05D231A1-9996-4886-B860-EB8B3BDA8027}.Release|Win32.Build.0 = Release|Win32
	EndGlobalSection
	GlobalSection(SolutionProperties) = preSolution
		HideSolutionNode = FALSE
	EndGlobalSection
EndGlobal
